{
  "name": "optimism-batch-decoder",
  "version": "1.0.0",
  "lockfileVersion": 2,
  "requires": true,
  "packages": {
    "": {
      "name": "optimism-batch-decoder",
      "version": "1.0.0",
      "license": "ISC",
      "devDependencies": {
        "@types/node": "^20.11.4"
      }
    },
    "node_modules/@types/node": {
      "version": "20.11.4",
      "resolved": "https://registry.npmjs.org/@types/node/-/node-20.11.4.tgz",
      "integrity": "sha512-6I0fMH8Aoy2lOejL3s4LhyIYX34DPwY8bl5xlNjBvUEk8OHrcuzsFt+Ied4LvJihbtXPM+8zUqdydfIti86v9g==",
      "dev": true,
      "dependencies": {
        "undici-types": "~5.26.4"
      }
    },
    "node_modules/undici-types": {
      "version": "5.26.5",
      "resolved": "https://registry.npmjs.org/undici-types/-/undici-types-5.26.5.tgz",
      "integrity": "sha512-JlCMO+ehdEIKqlFxk6IfVoAUVmgz7cU7zD/h9XZ0qzeosSHmUJVOzSQvvYSYWXkFXC+IfLKSIffhv0sVZup6pA==",
      "dev": true
    }
  },
  "dependencies": {
    "@types/node": {
      "version": "20.11.4",
      "resolved": "https://registry.npmjs.org/@types/node/-/node-20.11.4.tgz",
      "integrity": "sha512-6I0fMH8Aoy2lOejL3s4LhyIYX34DPwY8bl5xlNjBvUEk8OHrcuzsFt+Ied4LvJihbtXPM+8zUqdydfIti86v9g==",
      "dev": true,
      "requires": {
        "undici-types": "~5.26.4"
      }
    },
    "undici-types": {
      "version": "5.26.5",
      "resolved": "https://registry.npmjs.org/undici-types/-/undici-types-5.26.5.tgz",
      "integrity": "sha512-JlCMO+ehdEIKqlFxk6IfVoAUVmgz7cU7zD/h9XZ0qzeosSHmUJVOzSQvvYSYWXkFXC+IfLKSIffhv0sVZup6pA==",
      "dev": true
    }
  }
}
